
Microsoft Visual Studio Solution File, Format Version 12.00
# Visual Studio Version 17
VisualStudioVersion = 17.14.36221.1 d17.14
MinimumVisualStudioVersion = 10.0.40219.1
Project("{FAE04EC0-301F-11D3-BF4B-00C04F79EFBC}") = "VideoChecker.API", "VideoChecker.API\VideoChecker.API.csproj", "{C5DB7BE5-9A3F-440B-B95B-9B81B2DFDCE8}"
EndProject
Project("{FAE04EC0-301F-11D3-BF4B-00C04F79EFBC}") = "VideoChecker.Domain", "VideoChecker.Domain\VideoChecker.Domain.csproj", "{F833F158-759E-4879-A706-B585AEB9169E}"
EndProject
Project("{FAE04EC0-301F-11D3-BF4B-00C04F79EFBC}") = "VideoChecker.Data", "VideoChecker.Data\VideoChecker.Data.csproj", "{334CE004-AC99-4143-B0E6-E2C969D92DDF}"
EndProject
Global
	GlobalSection(SolutionConfigurationPlatforms) = preSolution
		Debug|Any CPU = Debug|Any CPU
		Release|Any CPU = Release|Any CPU
	EndGlobalSection
	GlobalSection(ProjectConfigurationPlatforms) = postSolution
		{C5DB7BE5-9A3F-440B-B95B-9B81B2DFDCE8}.Debug|Any CPU.ActiveCfg = Debug|Any CPU
		{C5DB7BE5-9A3F-440B-B95B-9B81B2DFDCE8}.Debug|Any CPU.Build.0 = Debug|Any CPU
		{C5DB7BE5-9A3F-440B-B95B-9B81B2DFDCE8}.Release|Any CPU.ActiveCfg = Release|Any CPU
		{C5DB7BE5-9A3F-440B-B95B-9B81B2DFDCE8}.Release|Any CPU.Build.0 = Release|Any CPU
		{F833F158-759E-4879-A706-B585AEB9169E}.Debug|Any CPU.ActiveCfg = Debug|Any CPU
		{F833F158-759E-4879-A706-B585AEB9169E}.Debug|Any CPU.Build.0 = Debug|Any CPU
		{F833F158-759E-4879-A706-B585AEB9169E}.Release|Any CPU.ActiveCfg = Release|Any CPU
		{F833F158-759E-4879-A706-B585AEB9169E}.Release|Any CPU.Build.0 = Release|Any CPU
		{334CE004-AC99-4143-B0E6-E2C969D92DDF}.Debug|Any CPU.ActiveCfg = Debug|Any CPU
		{334CE004-AC99-4143-B0E6-E2C969D92DDF}.Debug|Any CPU.Build.0 = Debug|Any CPU
		{334CE004-AC99-4143-B0E6-E2C969D92DDF}.Release|Any CPU.ActiveCfg = Release|Any CPU
		{334CE004-AC99-4143-B0E6-E2C969D92DDF}.Release|Any CPU.Build.0 = Release|Any CPU
	EndGlobalSection
	GlobalSection(SolutionProperties) = preSolution
		HideSolutionNode = FALSE
	EndGlobalSection
	GlobalSection(ExtensibilityGlobals) = postSolution
		SolutionGuid = {C0CCF308-86BC-4C52-8526-EC16C27F201E}
	EndGlobalSection
EndGlobal
